// !$*UTF8*$!
{
	archiveVersion = 1;
	classes = {
	};
	objectVersion = 46;
	objects = {

/* Begin PBXBuildFile section */
		83D0EAEA1B20EE52001A95A8 /* main.m in Sources */ = {isa = PBXBuildFile; fileRef = 83D0EAE91B20EE52001A95A8 /* main.m */; };
		83D0EAED1B20EE52001A95A8 /* AppDelegate.m in Sources */ = {isa = PBXBuildFile; fileRef = 83D0EAEC1B20EE52001A95A8 /* AppDelegate.m */; };
		83D0EAF01B20EE52001A95A8 /* FirstViewController.m in Sources */ = {isa = PBXBuildFile; fileRef = 83D0EAEF1B20EE52001A95A8 /* FirstViewController.m */; };
		83D0EAF31B20EE52001A95A8 /* SecondViewController.m in Sources */ = {isa = PBXBuildFile; fileRef = 83D0EAF21B20EE52001A95A8 /* SecondViewController.m */; };
		83D0EAF61B20EE52001A95A8 /* Main.storyboard in Resources */ = {isa = PBXBuildFile; fileRef = 83D0EAF41B20EE52001A95A8 /* Main.storyboard */; };
		83D0EAF81B20EE52001A95A8 /* Images.xcassets in Resources */ = {isa = PBXBuildFile; fileRef = 83D0EAF71B20EE52001A95A8 /* Images.xcassets */; };
		83D0EAFB1B20EE52001A95A8 /* LaunchScreen.xib in Resources */ = {isa = PBXBuildFile; fileRef = 83D0EAF91B20EE52001A95A8 /* LaunchScreen.xib */; };
		83D0EB071B20EE52001A95A8 /* BuddyBuildSDKExampleTests.m in Sources */ = {isa = PBXBuildFile; fileRef = 83D0EB061B20EE52001A95A8 /* BuddyBuildSDKExampleTests.m */; };
/* End PBXBuildFile section */

/* Begin PBXContainerItemProxy section */
		83D0EB011B20EE52001A95A8 /* PBXContainerItemProxy */ = {
			isa = PBXContainerItemProxy;
			containerPortal = 83D0EADC1B20EE52001A95A8 /* Project object */;
			proxyType = 1;
			remoteGlobalIDString = 83D0EAE31B20EE52001A95A8;
			remoteInfo = BuddyBuildSDKExample;
		};
/* End PBXContainerItemProxy section */

/* Begin PBXFileReference section */
		83D0EAE41B20EE52001A95A8 /* BuddyBuildSDKExample.app */ = {isa = PBXFileReference; explicitFileType = wrapper.application; includeInIndex = 0; path = BuddyBuildSDKExample.app; sourceTree = BUILT_PRODUCTS_DIR; };
		83D0EAE81B20EE52001A95A8 /* Info.plist */ = {isa = PBXFileReference; lastKnownFileType = text.plist.xml; path = Info.plist; sourceTree = "<group>"; };
		83D0EAE91B20EE52001A95A8 /* main.m */ = {isa = PBXFileReference; lastKnownFileType = sourcecode.c.objc; path = main.m; sourceTree = "<group>"; };
		83D0EAEB1B20EE52001A95A8 /* AppDelegate.h */ = {isa = PBXFileReference; lastKnownFileType = sourcecode.c.h; path = AppDelegate.h; sourceTree = "<group>"; };
		83D0EAEC1B20EE52001A95A8 /* AppDelegate.m */ = {isa = PBXFileReference; lastKnownFileType = sourcecode.c.objc; path = AppDelegate.m; sourceTree = "<group>"; };
		83D0EAEE1B20EE52001A95A8 /* FirstViewController.h */ = {isa = PBXFileReference; lastKnownFileType = sourcecode.c.h; path = FirstViewController.h; sourceTree = "<group>"; };
		83D0EAEF1B20EE52001A95A8 /* FirstViewController.m */ = {isa = PBXFileReference; lastKnownFileType = sourcecode.c.objc; path = FirstViewController.m; sourceTree = "<group>"; };
		83D0EAF11B20EE52001A95A8 /* SecondViewController.h */ = {isa = PBXFileReference; lastKnownFileType = sourcecode.c.h; path = SecondViewController.h; sourceTree = "<group>"; };
		83D0EAF21B20EE52001A95A8 /* SecondViewController.m */ = {isa = PBXFileReference; lastKnownFileType = sourcecode.c.objc; path = SecondViewController.m; sourceTree = "<group>"; };
		83D0EAF51B20EE52001A95A8 /* Base */ = {isa = PBXFileReference; lastKnownFileType = file.storyboard; name = Base; path = Base.lproj/Main.storyboard; sourceTree = "<group>"; };
		83D0EAF71B20EE52001A95A8 /* Images.xcassets */ = {isa = PBXFileReference; lastKnownFileType = folder.assetcatalog; path = Images.xcassets; sourceTree = "<group>"; };
		83D0EAFA1B20EE52001A95A8 /* Base */ = {isa = PBXFileReference; lastKnownFileType = file.xib; name = Base; path = Base.lproj/LaunchScreen.xib; sourceTree = "<group>"; };
		83D0EB001B20EE52001A95A8 /* BuddyBuildSDKExampleTests.xctest */ = {isa = PBXFileReference; explicitFileType = wrapper.cfbundle; includeInIndex = 0; path = BuddyBuildSDKExampleTests.xctest; sourceTree = BUILT_PRODUCTS_DIR; };
		83D0EB051B20EE52001A95A8 /* Info.plist */ = {isa = PBXFileReference; lastKnownFileType = text.plist.xml; path = Info.plist; sourceTree = "<group>"; };
		83D0EB061B20EE52001A95A8 /* BuddyBuildSDKExampleTests.m */ = {isa = PBXFileReference; lastKnownFileType = sourcecode.c.objc; path = BuddyBuildSDKExampleTests.m; sourceTree = "<group>"; };
/* End PBXFileReference section */

/* Begin PBXFrameworksBuildPhase section */
		83D0EAE11B20EE52001A95A8 /* Frameworks */ = {
			isa = PBXFrameworksBuildPhase;
			buildActionMask = 2147483647;
			files = (
			);
			runOnlyForDeploymentPostprocessing = 0;
		};
		83D0EAFD1B20EE52001A95A8 /* Frameworks */ = {
			isa = PBXFrameworksBuildPhase;
			buildActionMask = 2147483647;
			files = (
			);
			runOnlyForDeploymentPostprocessing = 0;
		};
/* End PBXFrameworksBuildPhase section */

/* Begin PBXGroup section */
		83D0EADB1B20EE52001A95A8 = {
			isa = PBXGroup;
			children = (
				83D0EAE61B20EE52001A95A8 /* BuddyBuildSDKExample */,
				83D0EB031B20EE52001A95A8 /* BuddyBuildSDKExampleTests */,
				83D0EAE51B20EE52001A95A8 /* Products */,
			);
			sourceTree = "<group>";
		};
		83D0EAE51B20EE52001A95A8 /* Products */ = {
			isa = PBXGroup;
			children = (
				83D0EAE41B20EE52001A95A8 /* BuddyBuildSDKExample.app */,
				83D0EB001B20EE52001A95A8 /* BuddyBuildSDKExampleTests.xctest */,
			);
			name = Products;
			sourceTree = "<group>";
		};
		83D0EAE61B20EE52001A95A8 /* BuddyBuildSDKExample */ = {
			isa = PBXGroup;
			children = (
				83D0EAEB1B20EE52001A95A8 /* AppDelegate.h */,
				83D0EAEC1B20EE52001A95A8 /* AppDelegate.m */,
				83D0EAEE1B20EE52001A95A8 /* FirstViewController.h */,
				83D0EAEF1B20EE52001A95A8 /* FirstViewController.m */,
				83D0EAF11B20EE52001A95A8 /* SecondViewController.h */,
				83D0EAF21B20EE52001A95A8 /* SecondViewController.m */,
				83D0EAF41B20EE52001A95A8 /* Main.storyboard */,
				83D0EAF71B20EE52001A95A8 /* Images.xcassets */,
				83D0EAF91B20EE52001A95A8 /* LaunchScreen.xib */,
				83D0EAE71B20EE52001A95A8 /* Supporting Files */,
			);
			path = BuddyBuildSDKExample;
			sourceTree = "<group>";
		};
		83D0EAE71B20EE52001A95A8 /* Supporting Files */ = {
			isa = PBXGroup;
			children = (
				83D0EAE81B20EE52001A95A8 /* Info.plist */,
				83D0EAE91B20EE52001A95A8 /* main.m */,
			);
			name = "Supporting Files";
			sourceTree = "<group>";
		};
		83D0EB031B20EE52001A95A8 /* BuddyBuildSDKExampleTests */ = {
			isa = PBXGroup;
			children = (
				83D0EB061B20EE52001A95A8 /* BuddyBuildSDKExampleTests.m */,
				83D0EB041B20EE52001A95A8 /* Supporting Files */,
			);
			path = BuddyBuildSDKExampleTests;
			sourceTree = "<group>";
		};
		83D0EB041B20EE52001A95A8 /* Supporting Files */ = {
			isa = PBXGroup;
			children = (
				83D0EB051B20EE52001A95A8 /* Info.plist */,
			);
			name = "Supporting Files";
			sourceTree = "<group>";
		};
/* End PBXGroup section */

/* Begin PBXNativeTarget section */
		83D0EAE31B20EE52001A95A8 /* BuddyBuildSDKExample */ = {
			isa = PBXNativeTarget;
			buildConfigurationList = 83D0EB0A1B20EE52001A95A8 /* Build configuration list for PBXNativeTarget "BuddyBuildSDKExample" */;
			buildPhases = (
				83D0EAE01B20EE52001A95A8 /* Sources */,
				83D0EAE11B20EE52001A95A8 /* Frameworks */,
				83D0EAE21B20EE52001A95A8 /* Resources */,
			);
			buildRules = (
			);
			dependencies = (
			);
			name = BuddyBuildSDKExample;
			productName = BuddyBuildSDKExample;
			productReference = 83D0EAE41B20EE52001A95A8 /* BuddyBuildSDKExample.app */;
			productType = "com.apple.product-type.application";
		};
		83D0EAFF1B20EE52001A95A8 /* BuddyBuildSDKExampleTests */ = {
			isa = PBXNativeTarget;
			buildConfigurationList = 83D0EB0D1B20EE52001A95A8 /* Build configuration list for PBXNativeTarget "BuddyBuildSDKExampleTests" */;
			buildPhases = (
				83D0EAFC1B20EE52001A95A8 /* Sources */,
				83D0EAFD1B20EE52001A95A8 /* Frameworks */,
				83D0EAFE1B20EE52001A95A8 /* Resources */,
			);
			buildRules = (
			);
			dependencies = (
				83D0EB021B20EE52001A95A8 /* PBXTargetDependency */,
			);
			name = BuddyBuildSDKExampleTests;
			productName = BuddyBuildSDKExampleTests;
			productReference = 83D0EB001B20EE52001A95A8 /* BuddyBuildSDKExampleTests.xctest */;
			productType = "com.apple.product-type.bundle.unit-test";
		};
/* End PBXNativeTarget section */

/* Begin PBXProject section */
		83D0EADC1B20EE52001A95A8 /* Project object */ = {
			isa = PBXProject;
			attributes = {
				LastUpgradeCheck = 0630;
				ORGANIZATIONNAME = BB;
				TargetAttributes = {
					83D0EAE31B20EE52001A95A8 = {
						CreatedOnToolsVersion = 6.3;
					};
					83D0EAFF1B20EE52001A95A8 = {
						CreatedOnToolsVersion = 6.3;
						TestTargetID = 83D0EAE31B20EE52001A95A8;
					};
				};
			};
			buildConfigurationList = 83D0EADF1B20EE52001A95A8 /* Build configuration list for PBXProject "BuddyBuildSDKExample" */;
			compatibilityVersion = "Xcode 3.2";
			developmentRegion = English;
			hasScannedForEncodings = 0;
			knownRegions = (
				en,
				Base,
			);
			mainGroup = 83D0EADB1B20EE52001A95A8;
			productRefGroup = 83D0EAE51B20EE52001A95A8 /* Products */;
			projectDirPath = "";
			projectRoot = "";
			targets = (
				83D0EAE31B20EE52001A95A8 /* BuddyBuildSDKExample */,
				83D0EAFF1B20EE52001A95A8 /* BuddyBuildSDKExampleTests */,
			);
		};
/* End PBXProject section */

/* Begin PBXResourcesBuildPhase section */
		83D0EAE21B20EE52001A95A8 /* Resources */ = {
			isa = PBXResourcesBuildPhase;
			buildActionMask = 2147483647;
			files = (
				83D0EAF61B20EE52001A95A8 /* Main.storyboard in Resources */,
				83D0EAFB1B20EE52001A95A8 /* LaunchScreen.xib in Resources */,
				83D0EAF81B20EE52001A95A8 /* Images.xcassets in Resources */,
			);
			runOnlyForDeploymentPostprocessing = 0;
		};
		83D0EAFE1B20EE52001A95A8 /* Resources */ = {
			isa = PBXResourcesBuildPhase;
			buildActionMask = 2147483647;
			files = (
			);
			runOnlyForDeploymentPostprocessing = 0;
		};
/* End PBXResourcesBuildPhase section */

/* Begin PBXSourcesBuildPhase section */
		83D0EAE01B20EE52001A95A8 /* Sources */ = {
			isa = PBXSourcesBuildPhase;
			buildActionMask = 2147483647;
			files = (
				83D0EAF31B20EE52001A95A8 /* SecondViewController.m in Sources */,
				83D0EAED1B20EE52001A95A8 /* AppDelegate.m in Sources */,
				83D0EAF01B20EE52001A95A8 /* FirstViewController.m in Sources */,
				83D0EAEA1B20EE52001A95A8 /* main.m in Sources */,
			);
			runOnlyForDeploymentPostprocessing = 0;
		};
		83D0EAFC1B20EE52001A95A8 /* Sources */ = {
			isa = PBXSourcesBuildPhase;
			buildActionMask = 2147483647;
			files = (
				83D0EB071B20EE52001A95A8 /* BuddyBuildSDKExampleTests.m in Sources */,
			);
			runOnlyForDeploymentPostprocessing = 0;
		};
/* End PBXSourcesBuildPhase section */

/* Begin PBXTargetDependency section */
		83D0EB021B20EE52001A95A8 /* PBXTargetDependency */ = {
			isa = PBXTargetDependency;
			target = 83D0EAE31B20EE52001A95A8 /* BuddyBuildSDKExample */;
			targetProxy = 83D0EB011B20EE52001A95A8 /* PBXContainerItemProxy */;
		};
/* End PBXTargetDependency section */

/* Begin PBXVariantGroup section */
		83D0EAF41B20EE52001A95A8 /* Main.storyboard */ = {
			isa = PBXVariantGroup;
			children = (
				83D0EAF51B20EE52001A95A8 /* Base */,
			);
			name = Main.storyboard;
			sourceTree = "<group>";
		};
		83D0EAF91B20EE52001A95A8 /* LaunchScreen.xib */ = {
			isa = PBXVariantGroup;
			children = (
				83D0EAFA1B20EE52001A95A8 /* Base */,
			);
			name = LaunchScreen.xib;
			sourceTree = "<group>";
		};
/* End PBXVariantGroup section */

/* Begin XCBuildConfiguration section */
		83D0EB081B20EE52001A95A8 /* Debug */ = {
			isa = XCBuildConfiguration;
			buildSettings = {
				ALWAYS_SEARCH_USER_PATHS = NO;
				CLANG_CXX_LANGUAGE_STANDARD = "gnu++0x";
				CLANG_CXX_LIBRARY = "libc++";
				CLANG_ENABLE_MODULES = YES;
				CLANG_ENABLE_OBJC_ARC = YES;
				CLANG_WARN_BOOL_CONVERSION = YES;
				CLANG_WARN_CONSTANT_CONVERSION = YES;
				CLANG_WARN_DIRECT_OBJC_ISA_USAGE = YES_ERROR;
				CLANG_WARN_EMPTY_BODY = YES;
				CLANG_WARN_ENUM_CONVERSION = YES;
				CLANG_WARN_INT_CONVERSION = YES;
				CLANG_WARN_OBJC_ROOT_CLASS = YES_ERROR;
				CLANG_WARN_UNREACHABLE_CODE = YES;
				CLANG_WARN__DUPLICATE_METHOD_MATCH = YES;
				"CODE_SIGN_IDENTITY[sdk=iphoneos*]" = "iPhone Developer";
				COPY_PHASE_STRIP = NO;
				DEBUG_INFORMATION_FORMAT = "dwarf-with-dsym";
				ENABLE_STRICT_OBJC_MSGSEND = YES;
				GCC_C_LANGUAGE_STANDARD = gnu99;
				GCC_DYNAMIC_NO_PIC = NO;
				GCC_NO_COMMON_BLOCKS = YES;
				GCC_OPTIMIZATION_LEVEL = 0;
				GCC_PREPROCESSOR_DEFINITIONS = (
					"DEBUG=1",
					"$(inherited)",
				);
				GCC_SYMBOLS_PRIVATE_EXTERN = NO;
				GCC_WARN_64_TO_32_BIT_CONVERSION = YES;
				GCC_WARN_ABOUT_RETURN_TYPE = YES_ERROR;
				GCC_WARN_UNDECLARED_SELECTOR = YES;
				GCC_WARN_UNINITIALIZED_AUTOS = YES_AGGRESSIVE;
				GCC_WARN_UNUSED_FUNCTION = YES;
				GCC_WARN_UNUSED_VARIABLE = YES;
				IPHONEOS_DEPLOYMENT_TARGET = 8.3;
				MTL_ENABLE_DEBUG_INFO = YES;
				ONLY_ACTIVE_ARCH = YES;
				SDKROOT = iphoneos;
			};
			name = Debug;
		};
		83D0EB091B20EE52001A95A8 /* Release */ = {
			isa = XCBuildConfiguration;
			buildSettings = {
				ALWAYS_SEARCH_USER_PATHS = NO;
				CLANG_CXX_LANGUAGE_STANDARD = "gnu++0x";
				CLANG_CXX_LIBRARY = "libc++";
				CLANG_ENABLE_MODULES = YES;
				CLANG_ENABLE_OBJC_ARC = YES;
				CLANG_WARN_BOOL_CONVERSION = YES;
				CLANG_WARN_CONSTANT_CONVERSION = YES;
				CLANG_WARN_DIRECT_OBJC_ISA_USAGE = YES_ERROR;
				CLANG_WARN_EMPTY_BODY = YES;
				CLANG_WARN_ENUM_CONVERSION = YES;
				CLANG_WARN_INT_CONVERSION = YES;
				CLANG_WARN_OBJC_ROOT_CLASS = YES_ERROR;
				CLANG_WARN_UNREACHABLE_CODE = YES;
				CLANG_WARN__DUPLICATE_METHOD_MATCH = YES;
				"CODE_SIGN_IDENTITY[sdk=iphoneos*]" = "iPhone Developer";
				COPY_PHASE_STRIP = NO;
				DEBUG_INFORMATION_FORMAT = "dwarf-with-dsym";
				ENABLE_NS_ASSERTIONS = NO;
				ENABLE_STRICT_OBJC_MSGSEND = YES;
				GCC_C_LANGUAGE_STANDARD = gnu99;
				GCC_NO_COMMON_BLOCKS = YES;
				GCC_WARN_64_TO_32_BIT_CONVERSION = YES;
				GCC_WARN_ABOUT_RETURN_TYPE = YES_ERROR;
				GCC_WARN_UNDECLARED_SELECTOR = YES;
				GCC_WARN_UNINITIALIZED_AUTOS = YES_AGGRESSIVE;
				GCC_WARN_UNUSED_FUNCTION = YES;
				GCC_WARN_UNUSED_VARIABLE = YES;
				IPHONEOS_DEPLOYMENT_TARGET = 8.3;
				MTL_ENABLE_DEBUG_INFO = NO;
				SDKROOT = iphoneos;
				VALIDATE_PRODUCT = YES;
			};
			name = Release;
		};
		83D0EB0B1B20EE52001A95A8 /* Debug */ = {
			isa = XCBuildConfiguration;
			buildSettings = {
				ASSETCATALOG_COMPILER_APPICON_NAME = AppIcon;
				INFOPLIST_FILE = BuddyBuildSDKExample/Info.plist;
				LD_RUNPATH_SEARCH_PATHS = "$(inherited) @executable_path/Frameworks";
				PRODUCT_NAME = "$(TARGET_NAME)";
			};
			name = Debug;
		};
		83D0EB0C1B20EE52001A95A8 /* Release */ = {
			isa = XCBuildConfiguration;
			buildSettings = {
				ASSETCATALOG_COMPILER_APPICON_NAME = AppIcon;
				INFOPLIST_FILE = BuddyBuildSDKExample/Info.plist;
				LD_RUNPATH_SEARCH_PATHS = "$(inherited) @executable_path/Frameworks";
				PRODUCT_NAME = "$(TARGET_NAME)";
			};
			name = Release;
		};
		83D0EB0E1B20EE52001A95A8 /* Debug */ = {
			isa = XCBuildConfiguration;
			buildSettings = {
				BUNDLE_LOADER = "$(TEST_HOST)";
				FRAMEWORK_SEARCH_PATHS = (
					"$(SDKROOT)/Developer/Library/Frameworks",
					"$(inherited)",
				);
				GCC_PREPROCESSOR_DEFINITIONS = (
					"DEBUG=1",
					"$(inherited)",
				);
				INFOPLIST_FILE = BuddyBuildSDKExampleTests/Info.plist;
				LD_RUNPATH_SEARCH_PATHS = "$(inherited) @executable_path/Frameworks @loader_path/Frameworks";
				PRODUCT_NAME = "$(TARGET_NAME)";
				TEST_HOST = "$(BUILT_PRODUCTS_DIR)/BuddyBuildSDKExample.app/BuddyBuildSDKExample";
			};
			name = Debug;
		};
		83D0EB0F1B20EE52001A95A8 /* Release */ = {
			isa = XCBuildConfiguration;
			buildSettings = {
				BUNDLE_LOADER = "$(TEST_HOST)";
				FRAMEWORK_SEARCH_PATHS = (
					"$(SDKROOT)/Developer/Library/Frameworks",
					"$(inherited)",
				);
				INFOPLIST_FILE = BuddyBuildSDKExampleTests/Info.plist;
				LD_RUNPATH_SEARCH_PATHS = "$(inherited) @executable_path/Frameworks @loader_path/Frameworks";
				PRODUCT_NAME = "$(TARGET_NAME)";
				TEST_HOST = "$(BUILT_PRODUCTS_DIR)/BuddyBuildSDKExample.app/BuddyBuildSDKExample";
			};
			name = Release;
		};
/* End XCBuildConfiguration section */

/* Begin XCConfigurationList section */
		83D0EADF1B20EE52001A95A8 /* Build configuration list for PBXProject "BuddyBuildSDKExample" */ = {
			isa = XCConfigurationList;
			buildConfigurations = (
				83D0EB081B20EE52001A95A8 /* Debug */,
				83D0EB091B20EE52001A95A8 /* Release */,
			);
			defaultConfigurationIsVisible = 0;
			defaultConfigurationName = Release;
		};
		83D0EB0A1B20EE52001A95A8 /* Build configuration list for PBXNativeTarget "BuddyBuildSDKExample" */ = {
			isa = XCConfigurationList;
			buildConfigurations = (
				83D0EB0B1B20EE52001A95A8 /* Debug */,
				83D0EB0C1B20EE52001A95A8 /* Release */,
			);
			defaultConfigurationIsVisible = 0;
		};
		83D0EB0D1B20EE52001A95A8 /* Build configuration list for PBXNativeTarget "BuddyBuildSDKExampleTests" */ = {
			isa = XCConfigurationList;
			buildConfigurations = (
				83D0EB0E1B20EE52001A95A8 /* Debug */,
				83D0EB0F1B20EE52001A95A8 /* Release */,
			);
			defaultConfigurationIsVisible = 0;
		};
/* End XCConfigurationList section */
	};
	rootObject = 83D0EADC1B20EE52001A95A8 /* Project object */;
}
